<?xml version="1.0" encoding="utf-8"?>
<Project ToolsVersion="4.0" xmlns="http://schemas.microsoft.com/developer/msbuild/2003">
  <ItemGroup>
    <Filter Include="Source Files">
      <UniqueIdentifier>{4FC737F1-C7A5-4376-A066-2A32D752A2FF}</UniqueIdentifier>
      <Extensions>cpp;c;cc;cxx;def;odl;idl;hpj;bat;asm;asmx</Extensions>
    </Filter>
    <Filter Include="Header Files">
      <UniqueIdentifier>{93995380-89BD-4b04-88EB-625FBE52EBFB}</UniqueIdentifier>
      <Extensions>h;hh;hpp;hxx;hm;inl;inc;xsd</Extensions>
    </Filter>
    <Filter Include="Resource Files">
      <UniqueIdentifier>{67DA6AB6-F800-4c08-8B7A-83BB121AAD01}</UniqueIdentifier>
      <Extensions>rc;ico;cur;bmp;dlg;rc2;rct;bin;rgs;gif;jpg;jpeg;jpe;resx;tiff;tif;png;wav;mfcribbon-ms</Extensions>
    </Filter>
  </ItemGroup>
  <ItemGroup>
    <ClInclude Include="src\yolo.h">
      <Filter>Header Files</Filter>
    </ClInclude>
    <ClInclude Include="src\blas.h">
      <Filter>Header Files</Filter>
    </ClInclude>
    <ClInclude Include="src\yolo_layer.h">
      <Filter>Header Files</Filter>
    </ClInclude>
    <ClInclude Include="src\region_layer.h">
      <Filter>Header Files</Filter>
    </ClInclude>
    <ClInclude Include="src\maxpool_layer.h">
      <Filter>Header Files</Filter>
    </ClInclude>
    <ClInclude Include="src\batchnorm_layer.h">
      <Filter>Header Files</Filter>
    </ClInclude>
    <ClInclude Include="src\convolutional_layer.h">
      <Filter>Header Files</Filter>
    </ClInclude>
    <ClInclude Include="src\activations.h">
      <Filter>Header Files</Filter>
    </ClInclude>
    <ClInclude Include="src\network.h">
      <Filter>Header Files</Filter>
    </ClInclude>
    <ClInclude Include="src\parser.h">
      <Filter>Header Files</Filter>
    </ClInclude>
    <ClInclude Include="src\layer.h">
      <Filter>Header Files</Filter>
    </ClInclude>
    <ClInclude Include="src\option_list.h">
      <Filter>Header Files</Filter>
    </ClInclude>
    <ClInclude Include="src\data.h">
      <Filter>Header Files</Filter>
    </ClInclude>
    <ClInclude Include="src\tree.h">
      <Filter>Header Files</Filter>
    </ClInclude>
    <ClInclude Include="src\box.h">
      <Filter>Header Files</Filter>
    </ClInclude>
    <ClInclude Include="src\image.h">
      <Filter>Header Files</Filter>
    </ClInclude>
    <ClInclude Include="src\gemm.h">
      <Filter>Header Files</Filter>
    </ClInclude>
    <ClInclude Include="src\im2col.h">
      <Filter>Header Files</Filter>
    </ClInclude>
    <ClInclude Include="src\list.h">
      <Filter>Header Files</Filter>
    </ClInclude>
    <ClInclude Include="src\utils.h">
      <Filter>Header Files</Filter>
    </ClInclude>
    <ClInclude Include="src\reorg_layer.h">
      <Filter>Header Files</Filter>
    </ClInclude>
    <ClInclude Include="src\route_layer.h">
      <Filter>Header Files</Filter>
    </ClInclude>
  </ItemGroup>
  <ItemGroup>
    <ClCompile Include="src\yolo_layer.c">
      <Filter>Source Files</Filter>
    </ClCompile>
    <ClCompile Include="src\detector.c">
      <Filter>Source Files</Filter>
    </ClCompile>
    <ClCompile Include="src\data.c">
      <Filter>Source Files</Filter>
    </ClCompile>
    <ClCompile Include="src\box.c">
      <Filter>Source Files</Filter>
    </ClCompile>
    <ClCompile Include="src\blas.c">
      <Filter>Source Files</Filter>
    </ClCompile>
    <ClCompile Include="src\batchnorm_layer.c">
      <Filter>Source Files</Filter>
    </ClCompile>
    <ClCompile Include="src\region_layer.c">
      <Filter>Source Files</Filter>
    </ClCompile>
    <ClCompile Include="src\maxpool_layer.c">
      <Filter>Source Files</Filter>
    </ClCompile>
    <ClCompile Include="src\convolutional_layer.c">
      <Filter>Source Files</Filter>
    </ClCompile>
    <ClCompile Include="src\image.c">
      <Filter>Source Files</Filter>
    </ClCompile>
    <ClCompile Include="src\network.c">
      <Filter>Source Files</Filter>
    </ClCompile>
    <ClCompile Include="src\parser.c">
      <Filter>Source Files</Filter>
    </ClCompile>
    <ClCompile Include="src\softmax_layer.c">
      <Filter>Source Files</Filter>
    </ClCompile>
    <ClCompile Include="src\gemm.c">
      <Filter>Source Files</Filter>
    </ClCompile>
    <ClCompile Include="src\layer.c">
      <Filter>Source Files</Filter>
    </ClCompile>
    <ClCompile Include="src\utils.c">
      <Filter>Source Files</Filter>
    </ClCompile>
    <ClCompile Include="src\option_list.c">
      <Filter>Source Files</Filter>
    </ClCompile>
    <ClCompile Include="src\tree.c">
      <Filter>Source Files</Filter>
    </ClCompile>
    <ClCompile Include="src\activations.c">
      <Filter>Source Files</Filter>
    </ClCompile>
    <ClCompile Include="src\im2col.c">
      <Filter>Source Files</Filter>
    </ClCompile>
    <ClCompile Include="src\list.c">
      <Filter>Source Files</Filter>
    </ClCompile>
    <ClCompile Include="src\yolo.cpp">
      <Filter>Source Files</Filter>
    </ClCompile>
    <ClCompile Include="src\reorg_layer.c">
      <Filter>Source Files</Filter>
    </ClCompile>
    <ClCompile Include="src\route_layer.c">
      <Filter>Source Files</Filter>
    </ClCompile>
  </ItemGroup>
</Project>