
Microsoft Visual Studio Solution File, Format Version 12.00
# Visual Studio 15
VisualStudioVersion = 15.0.27428.2027
MinimumVisualStudioVersion = 10.0.40219.1
Project("{FAE04EC0-301F-11D3-BF4B-00C04F79EFBC}") = "Alturos.Yolo.TestUI", "Alturos.Yolo.TestUI\Alturos.Yolo.TestUI.csproj", "{2923401A-6C84-455A-A6CC-A13A70E13D63}"
EndProject
Project("{FAE04EC0-301F-11D3-BF4B-00C04F79EFBC}") = "Alturos.Yolo", "Alturos.Yolo\Alturos.Yolo.csproj", "{BFDB287F-7E23-4D44-B114-DF2E05C2CF04}"
EndProject
Project("{FAE04EC0-301F-11D3-BF4B-00C04F79EFBC}") = "Alturos.Yolo.TestConsole", "Alturos.Yolo.TestConsole\Alturos.Yolo.TestConsole.csproj", "{C6A638E4-40ED-4F73-8F78-B9465FBE475D}"
EndProject
Project("{FAE04EC0-301F-11D3-BF4B-00C04F79EFBC}") = "Alturos.Yolo.UnitTest", "Alturos.Yolo.UnitTest\Alturos.Yolo.UnitTest.csproj", "{850159D7-0908-41D8-A8BA-E0E44FC4DD36}"
EndProject
Global
	GlobalSection(SolutionConfigurationPlatforms) = preSolution
		Debug|Any CPU = Debug|Any CPU
		Debug|x64 = Debug|x64
		Debug|x86 = Debug|x86
		Release|Any CPU = Release|Any CPU
		Release|x64 = Release|x64
		Release|x86 = Release|x86
	EndGlobalSection
	GlobalSection(ProjectConfigurationPlatforms) = postSolution
		{2923401A-6C84-455A-A6CC-A13A70E13D63}.Debug|Any CPU.ActiveCfg = Debug|Any CPU
		{2923401A-6C84-455A-A6CC-A13A70E13D63}.Debug|Any CPU.Build.0 = Debug|Any CPU
		{2923401A-6C84-455A-A6CC-A13A70E13D63}.Debug|x64.ActiveCfg = Debug|Any CPU
		{2923401A-6C84-455A-A6CC-A13A70E13D63}.Debug|x64.Build.0 = Debug|Any CPU
		{2923401A-6C84-455A-A6CC-A13A70E13D63}.Debug|x86.ActiveCfg = Debug|Any CPU
		{2923401A-6C84-455A-A6CC-A13A70E13D63}.Debug|x86.Build.0 = Debug|Any CPU
		{2923401A-6C84-455A-A6CC-A13A70E13D63}.Release|Any CPU.ActiveCfg = Release|Any CPU
		{2923401A-6C84-455A-A6CC-A13A70E13D63}.Release|Any CPU.Build.0 = Release|Any CPU
		{2923401A-6C84-455A-A6CC-A13A70E13D63}.Release|x64.ActiveCfg = Release|Any CPU
		{2923401A-6C84-455A-A6CC-A13A70E13D63}.Release|x64.Build.0 = Release|Any CPU
		{2923401A-6C84-455A-A6CC-A13A70E13D63}.Release|x86.ActiveCfg = Release|Any CPU
		{2923401A-6C84-455A-A6CC-A13A70E13D63}.Release|x86.Build.0 = Release|Any CPU
		{BFDB287F-7E23-4D44-B114-DF2E05C2CF04}.Debug|Any CPU.ActiveCfg = Debug|Any CPU
		{BFDB287F-7E23-4D44-B114-DF2E05C2CF04}.Debug|Any CPU.Build.0 = Debug|Any CPU
		{BFDB287F-7E23-4D44-B114-DF2E05C2CF04}.Debug|x64.ActiveCfg = Debug|Any CPU
		{BFDB287F-7E23-4D44-B114-DF2E05C2CF04}.Debug|x64.Build.0 = Debug|Any CPU
		{BFDB287F-7E23-4D44-B114-DF2E05C2CF04}.Debug|x86.ActiveCfg = Debug|Any CPU
		{BFDB287F-7E23-4D44-B114-DF2E05C2CF04}.Debug|x86.Build.0 = Debug|Any CPU
		{BFDB287F-7E23-4D44-B114-DF2E05C2CF04}.Release|Any CPU.ActiveCfg = Release|Any CPU
		{BFDB287F-7E23-4D44-B114-DF2E05C2CF04}.Release|Any CPU.Build.0 = Release|Any CPU
		{BFDB287F-7E23-4D44-B114-DF2E05C2CF04}.Release|x64.ActiveCfg = Release|Any CPU
		{BFDB287F-7E23-4D44-B114-DF2E05C2CF04}.Release|x64.Build.0 = Release|Any CPU
		{BFDB287F-7E23-4D44-B114-DF2E05C2CF04}.Release|x86.ActiveCfg = Release|Any CPU
		{BFDB287F-7E23-4D44-B114-DF2E05C2CF04}.Release|x86.Build.0 = Release|Any CPU
		{C6A638E4-40ED-4F73-8F78-B9465FBE475D}.Debug|Any CPU.ActiveCfg = Debug|Any CPU
		{C6A638E4-40ED-4F73-8F78-B9465FBE475D}.Debug|Any CPU.Build.0 = Debug|Any CPU
		{C6A638E4-40ED-4F73-8F78-B9465FBE475D}.Debug|x64.ActiveCfg = Debug|Any CPU
		{C6A638E4-40ED-4F73-8F78-B9465FBE475D}.Debug|x64.Build.0 = Debug|Any CPU
		{C6A638E4-40ED-4F73-8F78-B9465FBE475D}.Debug|x86.ActiveCfg = Debug|Any CPU
		{C6A638E4-40ED-4F73-8F78-B9465FBE475D}.Debug|x86.Build.0 = Debug|Any CPU
		{C6A638E4-40ED-4F73-8F78-B9465FBE475D}.Release|Any CPU.ActiveCfg = Release|Any CPU
		{C6A638E4-40ED-4F73-8F78-B9465FBE475D}.Release|Any CPU.Build.0 = Release|Any CPU
		{C6A638E4-40ED-4F73-8F78-B9465FBE475D}.Release|x64.ActiveCfg = Release|Any CPU
		{C6A638E4-40ED-4F73-8F78-B9465FBE475D}.Release|x64.Build.0 = Release|Any CPU
		{C6A638E4-40ED-4F73-8F78-B9465FBE475D}.Release|x86.ActiveCfg = Release|Any CPU
		{C6A638E4-40ED-4F73-8F78-B9465FBE475D}.Release|x86.Build.0 = Release|Any CPU
		{850159D7-0908-41D8-A8BA-E0E44FC4DD36}.Debug|Any CPU.ActiveCfg = Debug|Any CPU
		{850159D7-0908-41D8-A8BA-E0E44FC4DD36}.Debug|Any CPU.Build.0 = Debug|Any CPU
		{850159D7-0908-41D8-A8BA-E0E44FC4DD36}.Debug|x64.ActiveCfg = Debug|Any CPU
		{850159D7-0908-41D8-A8BA-E0E44FC4DD36}.Debug|x64.Build.0 = Debug|Any CPU
		{850159D7-0908-41D8-A8BA-E0E44FC4DD36}.Debug|x86.ActiveCfg = Debug|Any CPU
		{850159D7-0908-41D8-A8BA-E0E44FC4DD36}.Debug|x86.Build.0 = Debug|Any CPU
		{850159D7-0908-41D8-A8BA-E0E44FC4DD36}.Release|Any CPU.ActiveCfg = Release|Any CPU
		{850159D7-0908-41D8-A8BA-E0E44FC4DD36}.Release|Any CPU.Build.0 = Release|Any CPU
		{850159D7-0908-41D8-A8BA-E0E44FC4DD36}.Release|x64.ActiveCfg = Release|Any CPU
		{850159D7-0908-41D8-A8BA-E0E44FC4DD36}.Release|x64.Build.0 = Release|Any CPU
		{850159D7-0908-41D8-A8BA-E0E44FC4DD36}.Release|x86.ActiveCfg = Release|Any CPU
		{850159D7-0908-41D8-A8BA-E0E44FC4DD36}.Release|x86.Build.0 = Release|Any CPU
	EndGlobalSection
	GlobalSection(SolutionProperties) = preSolution
		HideSolutionNode = FALSE
	EndGlobalSection
	GlobalSection(ExtensibilityGlobals) = postSolution
		SolutionGuid = {C2AD94EC-53C3-4665-9904-10217C769666}
	EndGlobalSection
EndGlobal
