
Microsoft Visual Studio Solution File, Format Version 12.00
# Visual Studio Version 16
VisualStudioVersion = 16.0.29418.71
MinimumVisualStudioVersion = 10.0.40219.1
Project("{FAE04EC0-301F-11D3-BF4B-00C04F79EFBC}") = "Alturos.Yolo.TestUI", "Alturos.Yolo.TestUI\Alturos.Yolo.TestUI.csproj", "{2923401A-6C84-455A-A6CC-A13A70E13D63}"
EndProject
Project("{FAE04EC0-301F-11D3-BF4B-00C04F79EFBC}") = "Alturos.Yolo.TestConsole", "Alturos.Yolo.TestConsole\Alturos.Yolo.TestConsole.csproj", "{C6A638E4-40ED-4F73-8F78-B9465FBE475D}"
EndProject
Project("{FAE04EC0-301F-11D3-BF4B-00C04F79EFBC}") = "Alturos.Yolo.UnitTest", "Alturos.Yolo.UnitTest\Alturos.Yolo.UnitTest.csproj", "{850159D7-0908-41D8-A8BA-E0E44FC4DD36}"
EndProject
Project("{FAE04EC0-301F-11D3-BF4B-00C04F79EFBC}") = "Alturos.Yolo.WebService", "Alturos.Yolo.WebService\Alturos.Yolo.WebService.csproj", "{AC917731-93FA-414F-88F4-0D3298F1FDE3}"
EndProject
Project("{9A19103F-16F7-4668-BE54-9A1E7A4F7556}") = "Alturos.Yolo", "Alturos.Yolo\Alturos.Yolo.csproj", "{2C530266-A3DA-4175-8311-06E5A2378F22}"
EndProject
Global
	GlobalSection(SolutionConfigurationPlatforms) = preSolution
		Debug|x64 = Debug|x64
		Release|x64 = Release|x64
	EndGlobalSection
	GlobalSection(ProjectConfigurationPlatforms) = postSolution
		{2923401A-6C84-455A-A6CC-A13A70E13D63}.Debug|x64.ActiveCfg = Debug|x64
		{2923401A-6C84-455A-A6CC-A13A70E13D63}.Debug|x64.Build.0 = Debug|x64
		{2923401A-6C84-455A-A6CC-A13A70E13D63}.Release|x64.ActiveCfg = Release|x64
		{2923401A-6C84-455A-A6CC-A13A70E13D63}.Release|x64.Build.0 = Release|x64
		{C6A638E4-40ED-4F73-8F78-B9465FBE475D}.Debug|x64.ActiveCfg = Debug|x64
		{C6A638E4-40ED-4F73-8F78-B9465FBE475D}.Debug|x64.Build.0 = Debug|x64
		{C6A638E4-40ED-4F73-8F78-B9465FBE475D}.Release|x64.ActiveCfg = Release|x64
		{C6A638E4-40ED-4F73-8F78-B9465FBE475D}.Release|x64.Build.0 = Release|x64
		{850159D7-0908-41D8-A8BA-E0E44FC4DD36}.Debug|x64.ActiveCfg = Debug|x64
		{850159D7-0908-41D8-A8BA-E0E44FC4DD36}.Debug|x64.Build.0 = Debug|x64
		{850159D7-0908-41D8-A8BA-E0E44FC4DD36}.Release|x64.ActiveCfg = Release|x64
		{850159D7-0908-41D8-A8BA-E0E44FC4DD36}.Release|x64.Build.0 = Release|x64
		{AC917731-93FA-414F-88F4-0D3298F1FDE3}.Debug|x64.ActiveCfg = Debug|x64
		{AC917731-93FA-414F-88F4-0D3298F1FDE3}.Debug|x64.Build.0 = Debug|x64
		{AC917731-93FA-414F-88F4-0D3298F1FDE3}.Release|x64.ActiveCfg = Release|x64
		{AC917731-93FA-414F-88F4-0D3298F1FDE3}.Release|x64.Build.0 = Release|x64
		{2C530266-A3DA-4175-8311-06E5A2378F22}.Debug|x64.ActiveCfg = Debug|x64
		{2C530266-A3DA-4175-8311-06E5A2378F22}.Debug|x64.Build.0 = Debug|x64
		{2C530266-A3DA-4175-8311-06E5A2378F22}.Release|x64.ActiveCfg = Release|x64
		{2C530266-A3DA-4175-8311-06E5A2378F22}.Release|x64.Build.0 = Release|x64
	EndGlobalSection
	GlobalSection(SolutionProperties) = preSolution
		HideSolutionNode = FALSE
	EndGlobalSection
	GlobalSection(ExtensibilityGlobals) = postSolution
		SolutionGuid = {C2AD94EC-53C3-4665-9904-10217C769666}
	EndGlobalSection
EndGlobal
